# THIS IS AN AUTOGENERATED FILE. DO NOT EDIT THIS FILE DIRECTLY.
# yarn lockfile v1


"@types/angular-resource@^1.5.14":
  version "1.5.14"
  resolved "https://registry.yarnpkg.com/@types/angular-resource/-/angular-resource-1.5.14.tgz#902f34e8c98f708ae99493c6d416b39b4a22d9fe"
  dependencies:
    "@types/angular" "*"

"@types/angular@*", "@types/angular@^1.6.32":
  version "1.6.32"
  resolved "https://registry.yarnpkg.com/@types/angular/-/angular-1.6.32.tgz#fc791aad038227d9413eb5e552993e1076f8a509"

angular-resource@^1.6.6:
  version "1.6.6"
  resolved "https://registry.yarnpkg.com/angular-resource/-/angular-resource-1.6.6.tgz#430660e969c3e7cf40c5e247e5e690f06d6efc61"

angular@^1.6.6:
  version "1.6.6"
  resolved "https://registry.yarnpkg.com/angular/-/angular-1.6.6.tgz#fd5a3cfb437ce382d854ee01120797978527cb64"

typescript@^2.5.3:
  version "2.5.3"
  resolved "https://registry.yarnpkg.com/typescript/-/typescript-2.5.3.tgz#df3dcdc38f3beb800d4bc322646b04a3f6ca7f0d"
